// !$*UTF8*$!
{
	archiveVersion = 1;
	classes = {
	};
	objectVersion = 56;
	objects = {

/* Begin PBXBuildFile section */
		0D001BB12AAAAAAA00000001 /* OpenJoystickVirtualHIDDevice.iig in Sources */ = {isa = PBXBuildFile; fileRef = 0D001BB22AAAAAAA00000001 /* OpenJoystickVirtualHIDDevice.iig */; };
		0D001BB32AAAAAAA00000001 /* Lifecycle.cpp in Sources */ = {isa = PBXBuildFile; fileRef = 0D001BB42AAAAAAA00000001 /* Lifecycle.cpp */; };
		0D001BB52AAAAAAA00000001 /* DeviceDescription.cpp in Sources */ = {isa = PBXBuildFile; fileRef = 0D001BB62AAAAAAA00000001 /* DeviceDescription.cpp */; };
		0D001BB72AAAAAAA00000001 /* ReportRelay.cpp in Sources */ = {isa = PBXBuildFile; fileRef = 0D001BB82AAAAAAA00000001 /* ReportRelay.cpp */; };
		0D001CC12AAAAAAA00000001 /* HIDDriverKit.framework in Frameworks */ = {isa = PBXBuildFile; fileRef = 0D001CC22AAAAAAA00000001 /* HIDDriverKit.framework */; };
/* End PBXBuildFile section */

/* Begin PBXFileReference section */
		0D001AA12AAAAAAA00000001 /* OpenJoystickVirtualHID.dext */ = {isa = PBXFileReference; explicitFileType = "wrapper.driver-extension"; includeInIndex = 0; path = OpenJoystickVirtualHID.dext; sourceTree = BUILT_PRODUCTS_DIR; };
		0D001BB22AAAAAAA00000001 /* OpenJoystickVirtualHIDDevice.iig */ = {isa = PBXFileReference; lastKnownFileType = sourcecode.iig; path = OpenJoystickVirtualHIDDevice.iig; sourceTree = "<group>"; };
		0D001BB42AAAAAAA00000001 /* Lifecycle.cpp */ = {isa = PBXFileReference; lastKnownFileType = sourcecode.cpp.cpp; path = Lifecycle.cpp; sourceTree = "<group>"; };
		0D001BB62AAAAAAA00000001 /* DeviceDescription.cpp */ = {isa = PBXFileReference; lastKnownFileType = sourcecode.cpp.cpp; path = DeviceDescription.cpp; sourceTree = "<group>"; };
		0D001BB82AAAAAAA00000001 /* ReportRelay.cpp */ = {isa = PBXFileReference; lastKnownFileType = sourcecode.cpp.cpp; path = ReportRelay.cpp; sourceTree = "<group>"; };
		0D001BBA2AAAAAAA00000001 /* Private.h */ = {isa = PBXFileReference; lastKnownFileType = sourcecode.c.h; path = Private.h; sourceTree = "<group>"; };
		0D001AAF2AAAAAAA00000001 /* Info.plist */ = {isa = PBXFileReference; lastKnownFileType = text.plist.xml; path = Info.plist; sourceTree = "<group>"; };
		0D001AB02AAAAAAA00000001 /* OpenJoystickVirtualHID.entitlements */ = {isa = PBXFileReference; lastKnownFileType = text.plist.entitlements; path = OpenJoystickVirtualHID.entitlements; sourceTree = "<group>"; };
		0D001CC22AAAAAAA00000001 /* HIDDriverKit.framework */ = {isa = PBXFileReference; lastKnownFileType = wrapper.framework; name = HIDDriverKit.framework; path = System/DriverKit/System/Library/Frameworks/HIDDriverKit.framework; sourceTree = SDKROOT; };
/* End PBXFileReference section */

/* Begin PBXFrameworksBuildPhase section */
		0D001A9E2AAAAAAA00000001 /* Frameworks */ = {
			isa = PBXFrameworksBuildPhase;
			buildActionMask = 2147483647;
			files = (
				0D001CC12AAAAAAA00000001 /* HIDDriverKit.framework in Frameworks */,
			);
			runOnlyForDeploymentPostprocessing = 0;
		};
/* End PBXFrameworksBuildPhase section */

/* Begin PBXGroup section */
		0D001A982AAAAAAA00000001 = {
			isa = PBXGroup;
			children = (
				0D001AAF2AAAAAAA00000001 /* Info.plist */,
				0D001AB02AAAAAAA00000001 /* OpenJoystickVirtualHID.entitlements */,
				0D001AA32AAAAAAA00000001 /* Sources */,
				0D001AA22AAAAAAA00000001 /* Products */,
			);
			sourceTree = "<group>";
		};
		0D001AA22AAAAAAA00000001 /* Products */ = {
			isa = PBXGroup;
			children = (
				0D001AA12AAAAAAA00000001 /* OpenJoystickVirtualHID.dext */,
			);
			name = Products;
			sourceTree = "<group>";
		};
		0D001BBB2AAAAAAA00000001 /* OpenJoystickVirtualHIDDevice */ = {
			isa = PBXGroup;
			children = (
				0D001BB42AAAAAAA00000001 /* Lifecycle.cpp */,
				0D001BB62AAAAAAA00000001 /* DeviceDescription.cpp */,
				0D001BB82AAAAAAA00000001 /* ReportRelay.cpp */,
				0D001BBA2AAAAAAA00000001 /* Private.h */,
			);
			path = OpenJoystickVirtualHIDDevice;
			sourceTree = "<group>";
		};
		0D001AA32AAAAAAA00000001 /* Sources */ = {
			isa = PBXGroup;
			children = (
				0D001BB22AAAAAAA00000001 /* OpenJoystickVirtualHIDDevice.iig */,
				0D001BBB2AAAAAAA00000001 /* OpenJoystickVirtualHIDDevice */,
			);
			path = Sources;
			sourceTree = "<group>";
		};
/* End PBXGroup section */

/* Begin PBXNativeTarget section */
		0D001AA02AAAAAAA00000001 /* OpenJoystickVirtualHID */ = {
			isa = PBXNativeTarget;
			buildConfigurationList = 0D001AB12AAAAAAA00000001 /* Build configuration list for PBXNativeTarget "OpenJoystickVirtualHID" */;
			buildPhases = (
				0D001A9D2AAAAAAA00000001 /* Sources */,
				0D001A9E2AAAAAAA00000001 /* Frameworks */,
			);
			buildRules = (
			);
			dependencies = (
			);
			name = OpenJoystickVirtualHID;
			productName = OpenJoystickVirtualHID;
			productReference = 0D001AA12AAAAAAA00000001 /* OpenJoystickVirtualHID.dext */;
			productType = "com.apple.product-type.driver-extension";
		};
/* End PBXNativeTarget section */

/* Begin PBXProject section */
		0D001A992AAAAAAA00000001 /* Project object */ = {
			isa = PBXProject;
			attributes = {
				BuildIndependentTargetsInParallel = 1;
				LastUpgradeCheck = 1500;
			};
			buildConfigurationList = 0D001A9C2AAAAAAA00000001 /* Build configuration list for PBXProject "OpenJoystickVirtualHID" */;
			compatibilityVersion = "Xcode 14.0";
			developmentRegion = en;
			hasScannedForEncodings = 0;
			knownRegions = (
				en,
				Base,
			);
			mainGroup = 0D001A982AAAAAAA00000001;
			productRefGroup = 0D001AA22AAAAAAA00000001 /* Products */;
			projectDirPath = "";
			projectRoot = "";
			targets = (
				0D001AA02AAAAAAA00000001 /* OpenJoystickVirtualHID */,
			);
		};
/* End PBXProject section */

/* Begin PBXSourcesBuildPhase section */
		0D001A9D2AAAAAAA00000001 /* Sources */ = {
			isa = PBXSourcesBuildPhase;
			buildActionMask = 2147483647;
			files = (
				0D001BB12AAAAAAA00000001 /* OpenJoystickVirtualHIDDevice.iig in Sources */,
				0D001BB32AAAAAAA00000001 /* Lifecycle.cpp in Sources */,
				0D001BB52AAAAAAA00000001 /* DeviceDescription.cpp in Sources */,
				0D001BB72AAAAAAA00000001 /* ReportRelay.cpp in Sources */,
			);
			runOnlyForDeploymentPostprocessing = 0;
		};
/* End PBXSourcesBuildPhase section */

/* Begin XCBuildConfiguration section */
		0D001AB22AAAAAAA00000001 /* Debug */ = {
			isa = XCBuildConfiguration;
			buildSettings = {
				ALWAYS_SEARCH_USER_PATHS = NO;
				CLANG_CXX_LANGUAGE_STANDARD = "c++20";
				CLANG_CXX_LIBRARY = "libc++";
				CLANG_ENABLE_MODULES = YES;
				CLANG_ENABLE_OBJC_ARC = YES;
				CLANG_ENABLE_OBJC_WEAK = YES;
				CLANG_WARN_BLOCK_CAPTURE_AUTORELEASING = YES;
				CLANG_WARN_BOOL_CONVERSION = YES;
				CLANG_WARN_COMMA = YES;
				CLANG_WARN_CONSTANT_CONVERSION = YES;
				CLANG_WARN_DEPRECATED_OBJC_IMPLEMENTATIONS = YES;
				CLANG_WARN_DIRECT_OBJC_ISA_USAGE = YES_ERROR;
				CLANG_WARN_DOCUMENTATION_COMMENTS = YES;
				CLANG_WARN_EMPTY_BODY = YES;
				CLANG_WARN_ENUM_CONVERSION = YES;
				CLANG_WARN_INFINITE_RECURSION = YES;
				CLANG_WARN_INT_CONVERSION = YES;
				CLANG_WARN_NON_LITERAL_NULL_CONVERSION = YES;
				CLANG_WARN_OBJC_IMPLICIT_RETAIN_SELF = YES;
				CLANG_WARN_OBJC_LITERAL_CONVERSION = YES;
				CLANG_WARN_OBJC_ROOT_CLASS = YES_ERROR;
				CLANG_WARN_QUOTED_INCLUDE_IN_FRAMEWORK_HEADER = YES;
				CLANG_WARN_RANGE_LOOP_ANALYSIS = YES;
				CLANG_WARN_STRICT_PROTOTYPES = YES;
				CLANG_WARN_SUSPICIOUS_MOVE = YES;
				CLANG_WARN_UNGUARDED_AVAILABILITY = YES_AGGRESSIVE;
				CLANG_WARN_UNREACHABLE_CODE = YES;
				CLANG_WARN__DUPLICATE_METHOD_MATCH = YES;
				COPY_PHASE_STRIP = NO;
				DEBUG_INFORMATION_FORMAT = dwarf;
				DRIVERKIT_DEPLOYMENT_TARGET = 19.0;
				ENABLE_STRICT_OBJC_MSGSEND = YES;
				ENABLE_TESTABILITY = YES;
				GCC_C_LANGUAGE_STANDARD = gnu17;
				GCC_DYNAMIC_NO_PIC = NO;
				GCC_ENABLE_CPP_EXCEPTIONS = NO;
				GCC_ENABLE_CPP_RTTI = NO;
				GCC_NO_COMMON_BLOCKS = YES;
				GCC_OPTIMIZATION_LEVEL = 0;
				GCC_PREPROCESSOR_DEFINITIONS = (
					"DEBUG=1",
					"$(inherited)",
				);
				GCC_WARN_64_TO_32_BIT_CONVERSION = YES;
				GCC_WARN_ABOUT_RETURN_TYPE = YES_ERROR;
				GCC_WARN_UNDECLARED_SELECTOR = YES;
				GCC_WARN_UNINITIALIZED_AUTOS = YES_AGGRESSIVE;
				GCC_WARN_UNUSED_FUNCTION = YES;
				GCC_WARN_UNUSED_VARIABLE = YES;
				MTL_ENABLE_DEBUG_INFO = INCLUDE_SOURCE;
				MTL_FAST_MATH = YES;
				ONLY_ACTIVE_ARCH = YES;
				SDKROOT = driverkit;
				SUPPORTED_PLATFORMS = driverkit;
			};
			name = Debug;
		};
		0D001AB32AAAAAAA00000001 /* Release */ = {
			isa = XCBuildConfiguration;
			buildSettings = {
				ALWAYS_SEARCH_USER_PATHS = NO;
				CLANG_CXX_LANGUAGE_STANDARD = "c++20";
				CLANG_CXX_LIBRARY = "libc++";
				CLANG_ENABLE_MODULES = YES;
				CLANG_ENABLE_OBJC_ARC = YES;
				CLANG_ENABLE_OBJC_WEAK = YES;
				CLANG_WARN_BLOCK_CAPTURE_AUTORELEASING = YES;
				CLANG_WARN_BOOL_CONVERSION = YES;
				CLANG_WARN_COMMA = YES;
				CLANG_WARN_CONSTANT_CONVERSION = YES;
				CLANG_WARN_DEPRECATED_OBJC_IMPLEMENTATIONS = YES;
				CLANG_WARN_DIRECT_OBJC_ISA_USAGE = YES_ERROR;
				CLANG_WARN_DOCUMENTATION_COMMENTS = YES;
				CLANG_WARN_EMPTY_BODY = YES;
				CLANG_WARN_ENUM_CONVERSION = YES;
				CLANG_WARN_INFINITE_RECURSION = YES;
				CLANG_WARN_INT_CONVERSION = YES;
				CLANG_WARN_NON_LITERAL_NULL_CONVERSION = YES;
				CLANG_WARN_OBJC_IMPLICIT_RETAIN_SELF = YES;
				CLANG_WARN_OBJC_LITERAL_CONVERSION = YES;
				CLANG_WARN_OBJC_ROOT_CLASS = YES_ERROR;
				CLANG_WARN_QUOTED_INCLUDE_IN_FRAMEWORK_HEADER = YES;
				CLANG_WARN_RANGE_LOOP_ANALYSIS = YES;
				CLANG_WARN_STRICT_PROTOTYPES = YES;
				CLANG_WARN_SUSPICIOUS_MOVE = YES;
				CLANG_WARN_UNGUARDED_AVAILABILITY = YES_AGGRESSIVE;
				CLANG_WARN_UNREACHABLE_CODE = YES;
				CLANG_WARN__DUPLICATE_METHOD_MATCH = YES;
				COPY_PHASE_STRIP = NO;
				DEBUG_INFORMATION_FORMAT = "dwarf-with-dsym";
				DRIVERKIT_DEPLOYMENT_TARGET = 19.0;
				ENABLE_NS_ASSERTIONS = NO;
				ENABLE_STRICT_OBJC_MSGSEND = YES;
				GCC_C_LANGUAGE_STANDARD = gnu17;
				GCC_ENABLE_CPP_EXCEPTIONS = NO;
				GCC_ENABLE_CPP_RTTI = NO;
				GCC_NO_COMMON_BLOCKS = YES;
				GCC_WARN_64_TO_32_BIT_CONVERSION = YES;
				GCC_WARN_ABOUT_RETURN_TYPE = YES_ERROR;
				GCC_WARN_UNDECLARED_SELECTOR = YES;
				GCC_WARN_UNINITIALIZED_AUTOS = YES_AGGRESSIVE;
				GCC_WARN_UNUSED_FUNCTION = YES;
				GCC_WARN_UNUSED_VARIABLE = YES;
				MTL_ENABLE_DEBUG_INFO = NO;
				MTL_FAST_MATH = YES;
				SDKROOT = driverkit;
				SUPPORTED_PLATFORMS = driverkit;
			};
			name = Release;
		};
		0D001AB42AAAAAAA00000001 /* Debug */ = {
			isa = XCBuildConfiguration;
			buildSettings = {
				CODE_SIGN_ENTITLEMENTS = OpenJoystickVirtualHID.entitlements;
				CODE_SIGN_IDENTITY = "Apple Development";
				CODE_SIGN_STYLE = Automatic;
				DEVELOPMENT_TEAM = 9PQP6CDMQT;
				ENABLE_HARDENED_RUNTIME = YES;
				GENERATE_INFOPLIST_FILE = NO;
				INFOPLIST_FILE = Info.plist;
				PRODUCT_BUNDLE_IDENTIFIER = com.openjoystickdriver.VirtualHIDDevice;
				PRODUCT_NAME = "$(TARGET_NAME)";
				PROVISIONING_PROFILE_SPECIFIER = "";
				SKIP_INSTALL = YES;
			};
			name = Debug;
		};
		0D001AB52AAAAAAA00000001 /* Release */ = {
			isa = XCBuildConfiguration;
			buildSettings = {
				CODE_SIGN_ENTITLEMENTS = OpenJoystickVirtualHID.entitlements;
				CODE_SIGN_IDENTITY = "Apple Development";
				CODE_SIGN_STYLE = Automatic;
				DEVELOPMENT_TEAM = 9PQP6CDMQT;
				ENABLE_HARDENED_RUNTIME = YES;
				GENERATE_INFOPLIST_FILE = NO;
				INFOPLIST_FILE = Info.plist;
				PRODUCT_BUNDLE_IDENTIFIER = com.openjoystickdriver.VirtualHIDDevice;
				PRODUCT_NAME = "$(TARGET_NAME)";
				PROVISIONING_PROFILE_SPECIFIER = "";
				SKIP_INSTALL = YES;
			};
			name = Release;
		};
/* End XCBuildConfiguration section */

/* Begin XCConfigurationList section */
		0D001A9C2AAAAAAA00000001 /* Build configuration list for PBXProject "OpenJoystickVirtualHID" */ = {
			isa = XCConfigurationList;
			buildConfigurations = (
				0D001AB22AAAAAAA00000001 /* Debug */,
				0D001AB32AAAAAAA00000001 /* Release */,
			);
			defaultConfigurationIsVisible = 0;
			defaultConfigurationName = Release;
		};
		0D001AB12AAAAAAA00000001 /* Build configuration list for PBXNativeTarget "OpenJoystickVirtualHID" */ = {
			isa = XCConfigurationList;
			buildConfigurations = (
				0D001AB42AAAAAAA00000001 /* Debug */,
				0D001AB52AAAAAAA00000001 /* Release */,
			);
			defaultConfigurationIsVisible = 0;
			defaultConfigurationName = Release;
		};
/* End XCConfigurationList section */
	};
	rootObject = 0D001A992AAAAAAA00000001 /* Project object */;
}
