{
  "originHash" : "42a5b453a038c1c8d6487e579d745bdf269d48c2227231a9261c916e8f9e30be",
  "pins" : [
    {
      "identity" : "swifterkit",
      "kind" : "remoteSourceControl",
      "location" : "https://github.com/xsyetopz/SwifterKit.git",
      "state" : {
        "branch" : "main",
        "revision" : "564a77c050561c286ba81198ad56518dad069c17"
      }
    }
  ],
  "version" : 3
}
